// !$*UTF8*$!
{
	archiveVersion = 1;
	classes = {
	};
	objectVersion = 50;
	objects = {

/* Begin PBXBuildFile section */
		5E41197420A5CD7000C0F3CE /* AppDelegate.swift in Sources */ = {isa = PBXBuildFile; fileRef = 5E41197320A5CD7000C0F3CE /* AppDelegate.swift */; };
		5E41197620A5CD7100C0F3CE /* ViewController.swift in Sources */ = {isa = PBXBuildFile; fileRef = 5E41197520A5CD7100C0F3CE /* ViewController.swift */; };
		5E41197920A5CD7100C0F3CE /* Main.storyboard in Resources */ = {isa = PBXBuildFile; fileRef = 5E41197720A5CD7100C0F3CE /* Main.storyboard */; };
		5E41197B20A5CD7200C0F3CE /* Assets.xcassets in Resources */ = {isa = PBXBuildFile; fileRef = 5E41197A20A5CD7200C0F3CE /* Assets.xcassets */; };
		5E41197E20A5CD7200C0F3CE /* LaunchScreen.storyboard in Resources */ = {isa = PBXBuildFile; fileRef = 5E41197C20A5CD7200C0F3CE /* LaunchScreen.storyboard */; };
		5E41198620A5E96A00C0F3CE /* RoundedButton.swift in Sources */ = {isa = PBXBuildFile; fileRef = 5E41198520A5E96A00C0F3CE /* RoundedButton.swift */; };
/* End PBXBuildFile section */

/* Begin PBXFileReference section */
		5E41197020A5CD7000C0F3CE /* stoppuhr.app */ = {isa = PBXFileReference; explicitFileType = wrapper.application; includeInIndex = 0; path = stoppuhr.app; sourceTree = BUILT_PRODUCTS_DIR; };
		5E41197320A5CD7000C0F3CE /* AppDelegate.swift */ = {isa = PBXFileReference; lastKnownFileType = sourcecode.swift; path = AppDelegate.swift; sourceTree = "<group>"; };
		5E41197520A5CD7100C0F3CE /* ViewController.swift */ = {isa = PBXFileReference; lastKnownFileType = sourcecode.swift; path = ViewController.swift; sourceTree = "<group>"; };
		5E41197820A5CD7100C0F3CE /* Base */ = {isa = PBXFileReference; lastKnownFileType = file.storyboard; name = Base; path = Base.lproj/Main.storyboard; sourceTree = "<group>"; };
		5E41197A20A5CD7200C0F3CE /* Assets.xcassets */ = {isa = PBXFileReference; lastKnownFileType = folder.assetcatalog; path = Assets.xcassets; sourceTree = "<group>"; };
		5E41197D20A5CD7200C0F3CE /* Base */ = {isa = PBXFileReference; lastKnownFileType = file.storyboard; name = Base; path = Base.lproj/LaunchScreen.storyboard; sourceTree = "<group>"; };
		5E41197F20A5CD7200C0F3CE /* Info.plist */ = {isa = PBXFileReference; lastKnownFileType = text.plist.xml; path = Info.plist; sourceTree = "<group>"; };
		5E41198520A5E96A00C0F3CE /* RoundedButton.swift */ = {isa = PBXFileReference; lastKnownFileType = sourcecode.swift; path = RoundedButton.swift; sourceTree = "<group>"; };
/* End PBXFileReference section */

/* Begin PBXFrameworksBuildPhase section */
		5E41196D20A5CD7000C0F3CE /* Frameworks */ = {
			isa = PBXFrameworksBuildPhase;
			buildActionMask = 2147483647;
			files = (
			);
			runOnlyForDeploymentPostprocessing = 0;
		};
/* End PBXFrameworksBuildPhase section */

/* Begin PBXGroup section */
		5E41196720A5CD7000C0F3CE = {
			isa = PBXGroup;
			children = (
				5E41197220A5CD7000C0F3CE /* stoppuhr */,
				5E41197120A5CD7000C0F3CE /* Products */,
			);
			sourceTree = "<group>";
		};
		5E41197120A5CD7000C0F3CE /* Products */ = {
			isa = PBXGroup;
			children = (
				5E41197020A5CD7000C0F3CE /* stoppuhr.app */,
			);
			name = Products;
			sourceTree = "<group>";
		};
		5E41197220A5CD7000C0F3CE /* stoppuhr */ = {
			isa = PBXGroup;
			children = (
				5E41197320A5CD7000C0F3CE /* AppDelegate.swift */,
				5E41197520A5CD7100C0F3CE /* ViewController.swift */,
				5E41197720A5CD7100C0F3CE /* Main.storyboard */,
				5E41197A20A5CD7200C0F3CE /* Assets.xcassets */,
				5E41197C20A5CD7200C0F3CE /* LaunchScreen.storyboard */,
				5E41197F20A5CD7200C0F3CE /* Info.plist */,
				5E41198520A5E96A00C0F3CE /* RoundedButton.swift */,
			);
			path = stoppuhr;
			sourceTree = "<group>";
		};
/* End PBXGroup section */

/* Begin PBXNativeTarget section */
		5E41196F20A5CD7000C0F3CE /* stoppuhr */ = {
			isa = PBXNativeTarget;
			buildConfigurationList = 5E41198220A5CD7200C0F3CE /* Build configuration list for PBXNativeTarget "stoppuhr" */;
			buildPhases = (
				5E41196C20A5CD7000C0F3CE /* Sources */,
				5E41196D20A5CD7000C0F3CE /* Frameworks */,
				5E41196E20A5CD7000C0F3CE /* Resources */,
			);
			buildRules = (
			);
			dependencies = (
			);
			name = stoppuhr;
			productName = stoppuhr;
			productReference = 5E41197020A5CD7000C0F3CE /* stoppuhr.app */;
			productType = "com.apple.product-type.application";
		};
/* End PBXNativeTarget section */

/* Begin PBXProject section */
		5E41196820A5CD7000C0F3CE /* Project object */ = {
			isa = PBXProject;
			attributes = {
				LastSwiftUpdateCheck = 0930;
				LastUpgradeCheck = 0930;
				ORGANIZATIONNAME = "Filip Nikolić";
				TargetAttributes = {
					5E41196F20A5CD7000C0F3CE = {
						CreatedOnToolsVersion = 9.3;
					};
				};
			};
			buildConfigurationList = 5E41196B20A5CD7000C0F3CE /* Build configuration list for PBXProject "stoppuhr" */;
			compatibilityVersion = "Xcode 9.3";
			developmentRegion = en;
			hasScannedForEncodings = 0;
			knownRegions = (
				en,
				Base,
			);
			mainGroup = 5E41196720A5CD7000C0F3CE;
			productRefGroup = 5E41197120A5CD7000C0F3CE /* Products */;
			projectDirPath = "";
			projectRoot = "";
			targets = (
				5E41196F20A5CD7000C0F3CE /* stoppuhr */,
			);
		};
/* End PBXProject section */

/* Begin PBXResourcesBuildPhase section */
		5E41196E20A5CD7000C0F3CE /* Resources */ = {
			isa = PBXResourcesBuildPhase;
			buildActionMask = 2147483647;
			files = (
				5E41197E20A5CD7200C0F3CE /* LaunchScreen.storyboard in Resources */,
				5E41197B20A5CD7200C0F3CE /* Assets.xcassets in Resources */,
				5E41197920A5CD7100C0F3CE /* Main.storyboard in Resources */,
			);
			runOnlyForDeploymentPostprocessing = 0;
		};
/* End PBXResourcesBuildPhase section */

/* Begin PBXSourcesBuildPhase section */
		5E41196C20A5CD7000C0F3CE /* Sources */ = {
			isa = PBXSourcesBuildPhase;
			buildActionMask = 2147483647;
			files = (
				5E41197620A5CD7100C0F3CE /* ViewController.swift in Sources */,
				5E41198620A5E96A00C0F3CE /* RoundedButton.swift in Sources */,
				5E41197420A5CD7000C0F3CE /* AppDelegate.swift in Sources */,
			);
			runOnlyForDeploymentPostprocessing = 0;
		};
/* End PBXSourcesBuildPhase section */

/* Begin PBXVariantGroup section */
		5E41197720A5CD7100C0F3CE /* Main.storyboard */ = {
			isa = PBXVariantGroup;
			children = (
				5E41197820A5CD7100C0F3CE /* Base */,
			);
			name = Main.storyboard;
			sourceTree = "<group>";
		};
		5E41197C20A5CD7200C0F3CE /* LaunchScreen.storyboard */ = {
			isa = PBXVariantGroup;
			children = (
				5E41197D20A5CD7200C0F3CE /* Base */,
			);
			name = LaunchScreen.storyboard;
			sourceTree = "<group>";
		};
/* End PBXVariantGroup section */

/* Begin XCBuildConfiguration section */
		5E41198020A5CD7200C0F3CE /* Debug */ = {
			isa = XCBuildConfiguration;
			buildSettings = {
				ALWAYS_SEARCH_USER_PATHS = NO;
				CLANG_ANALYZER_NONNULL = YES;
				CLANG_ANALYZER_NUMBER_OBJECT_CONVERSION = YES_AGGRESSIVE;
				CLANG_CXX_LANGUAGE_STANDARD = "gnu++14";
				CLANG_CXX_LIBRARY = "libc++";
				CLANG_ENABLE_MODULES = YES;
				CLANG_ENABLE_OBJC_ARC = YES;
				CLANG_ENABLE_OBJC_WEAK = YES;
				CLANG_WARN_BLOCK_CAPTURE_AUTORELEASING = YES;
				CLANG_WARN_BOOL_CONVERSION = YES;
				CLANG_WARN_COMMA = YES;
				CLANG_WARN_CONSTANT_CONVERSION = YES;
				CLANG_WARN_DEPRECATED_OBJC_IMPLEMENTATIONS = YES;
				CLANG_WARN_DIRECT_OBJC_ISA_USAGE = YES_ERROR;
				CLANG_WARN_DOCUMENTATION_COMMENTS = YES;
				CLANG_WARN_EMPTY_BODY = YES;
				CLANG_WARN_ENUM_CONVERSION = YES;
				CLANG_WARN_INFINITE_RECURSION = YES;
				CLANG_WARN_INT_CONVERSION = YES;
				CLANG_WARN_NON_LITERAL_NULL_CONVERSION = YES;
				CLANG_WARN_OBJC_IMPLICIT_RETAIN_SELF = YES;
				CLANG_WARN_OBJC_LITERAL_CONVERSION = YES;
				CLANG_WARN_OBJC_ROOT_CLASS = YES_ERROR;
				CLANG_WARN_RANGE_LOOP_ANALYSIS = YES;
				CLANG_WARN_STRICT_PROTOTYPES = YES;
				CLANG_WARN_SUSPICIOUS_MOVE = YES;
				CLANG_WARN_UNGUARDED_AVAILABILITY = YES_AGGRESSIVE;
				CLANG_WARN_UNREACHABLE_CODE = YES;
				CLANG_WARN__DUPLICATE_METHOD_MATCH = YES;
				CODE_SIGN_IDENTITY = "iPhone Developer";
				COPY_PHASE_STRIP = NO;
				DEBUG_INFORMATION_FORMAT = dwarf;
				ENABLE_STRICT_OBJC_MSGSEND = YES;
				ENABLE_TESTABILITY = YES;
				GCC_C_LANGUAGE_STANDARD = gnu11;
				GCC_DYNAMIC_NO_PIC = NO;
				GCC_NO_COMMON_BLOCKS = YES;
				GCC_OPTIMIZATION_LEVEL = 0;
				GCC_PREPROCESSOR_DEFINITIONS = (
					"DEBUG=1",
					"$(inherited)",
				);
				GCC_WARN_64_TO_32_BIT_CONVERSION = YES;
				GCC_WARN_ABOUT_RETURN_TYPE = YES_ERROR;
				GCC_WARN_UNDECLARED_SELECTOR = YES;
				GCC_WARN_UNINITIALIZED_AUTOS = YES_AGGRESSIVE;
				GCC_WARN_UNUSED_FUNCTION = YES;
				GCC_WARN_UNUSED_VARIABLE = YES;
				IPHONEOS_DEPLOYMENT_TARGET = 11.3;
				MTL_ENABLE_DEBUG_INFO = YES;
				ONLY_ACTIVE_ARCH = YES;
				SDKROOT = iphoneos;
				SWIFT_ACTIVE_COMPILATION_CONDITIONS = DEBUG;
				SWIFT_OPTIMIZATION_LEVEL = "-Onone";
			};
			name = Debug;
		};
		5E41198120A5CD7200C0F3CE /* Release */ = {
			isa = XCBuildConfiguration;
			buildSettings = {
				ALWAYS_SEARCH_USER_PATHS = NO;
				CLANG_ANALYZER_NONNULL = YES;
				CLANG_ANALYZER_NUMBER_OBJECT_CONVERSION = YES_AGGRESSIVE;
				CLANG_CXX_LANGUAGE_STANDARD = "gnu++14";
				CLANG_CXX_LIBRARY = "libc++";
				CLANG_ENABLE_MODULES = YES;
				CLANG_ENABLE_OBJC_ARC = YES;
				CLANG_ENABLE_OBJC_WEAK = YES;
				CLANG_WARN_BLOCK_CAPTURE_AUTORELEASING = YES;
				CLANG_WARN_BOOL_CONVERSION = YES;
				CLANG_WARN_COMMA = YES;
				CLANG_WARN_CONSTANT_CONVERSION = YES;
				CLANG_WARN_DEPRECATED_OBJC_IMPLEMENTATIONS = YES;
				CLANG_WARN_DIRECT_OBJC_ISA_USAGE = YES_ERROR;
				CLANG_WARN_DOCUMENTATION_COMMENTS = YES;
				CLANG_WARN_EMPTY_BODY = YES;
				CLANG_WARN_ENUM_CONVERSION = YES;
				CLANG_WARN_INFINITE_RECURSION = YES;
				CLANG_WARN_INT_CONVERSION = YES;
				CLANG_WARN_NON_LITERAL_NULL_CONVERSION = YES;
				CLANG_WARN_OBJC_IMPLICIT_RETAIN_SELF = YES;
				CLANG_WARN_OBJC_LITERAL_CONVERSION = YES;
				CLANG_WARN_OBJC_ROOT_CLASS = YES_ERROR;
				CLANG_WARN_RANGE_LOOP_ANALYSIS = YES;
				CLANG_WARN_STRICT_PROTOTYPES = YES;
				CLANG_WARN_SUSPICIOUS_MOVE = YES;
				CLANG_WARN_UNGUARDED_AVAILABILITY = YES_AGGRESSIVE;
				CLANG_WARN_UNREACHABLE_CODE = YES;
				CLANG_WARN__DUPLICATE_METHOD_MATCH = YES;
				CODE_SIGN_IDENTITY = "iPhone Developer";
				COPY_PHASE_STRIP = NO;
				DEBUG_INFORMATION_FORMAT = "dwarf-with-dsym";
				ENABLE_NS_ASSERTIONS = NO;
				ENABLE_STRICT_OBJC_MSGSEND = YES;
				GCC_C_LANGUAGE_STANDARD = gnu11;
				GCC_NO_COMMON_BLOCKS = YES;
				GCC_WARN_64_TO_32_BIT_CONVERSION = YES;
				GCC_WARN_ABOUT_RETURN_TYPE = YES_ERROR;
				GCC_WARN_UNDECLARED_SELECTOR = YES;
				GCC_WARN_UNINITIALIZED_AUTOS = YES_AGGRESSIVE;
				GCC_WARN_UNUSED_FUNCTION = YES;
				GCC_WARN_UNUSED_VARIABLE = YES;
				IPHONEOS_DEPLOYMENT_TARGET = 11.3;
				MTL_ENABLE_DEBUG_INFO = NO;
				SDKROOT = iphoneos;
				SWIFT_COMPILATION_MODE = wholemodule;
				SWIFT_OPTIMIZATION_LEVEL = "-O";
				VALIDATE_PRODUCT = YES;
			};
			name = Release;
		};
		5E41198320A5CD7200C0F3CE /* Debug */ = {
			isa = XCBuildConfiguration;
			buildSettings = {
				ASSETCATALOG_COMPILER_APPICON_NAME = AppIcon;
				CODE_SIGN_STYLE = Automatic;
				DEVELOPMENT_TEAM = "";
				INFOPLIST_FILE = stoppuhr/Info.plist;
				IPHONEOS_DEPLOYMENT_TARGET = 11.3;
				LD_RUNPATH_SEARCH_PATHS = (
					"$(inherited)",
					"@executable_path/Frameworks",
				);
				PRODUCT_BUNDLE_IDENTIFIER = TN.stoppuhr;
				PRODUCT_NAME = "$(TARGET_NAME)";
				SWIFT_VERSION = 4.0;
				TARGETED_DEVICE_FAMILY = "1,2";
			};
			name = Debug;
		};
		5E41198420A5CD7200C0F3CE /* Release */ = {
			isa = XCBuildConfiguration;
			buildSettings = {
				ASSETCATALOG_COMPILER_APPICON_NAME = AppIcon;
				CODE_SIGN_STYLE = Automatic;
				DEVELOPMENT_TEAM = "";
				INFOPLIST_FILE = stoppuhr/Info.plist;
				IPHONEOS_DEPLOYMENT_TARGET = 11.3;
				LD_RUNPATH_SEARCH_PATHS = (
					"$(inherited)",
					"@executable_path/Frameworks",
				);
				PRODUCT_BUNDLE_IDENTIFIER = TN.stoppuhr;
				PRODUCT_NAME = "$(TARGET_NAME)";
				SWIFT_VERSION = 4.0;
				TARGETED_DEVICE_FAMILY = "1,2";
			};
			name = Release;
		};
/* End XCBuildConfiguration section */

/* Begin XCConfigurationList section */
		5E41196B20A5CD7000C0F3CE /* Build configuration list for PBXProject "stoppuhr" */ = {
			isa = XCConfigurationList;
			buildConfigurations = (
				5E41198020A5CD7200C0F3CE /* Debug */,
				5E41198120A5CD7200C0F3CE /* Release */,
			);
			defaultConfigurationIsVisible = 0;
			defaultConfigurationName = Release;
		};
		5E41198220A5CD7200C0F3CE /* Build configuration list for PBXNativeTarget "stoppuhr" */ = {
			isa = XCConfigurationList;
			buildConfigurations = (
				5E41198320A5CD7200C0F3CE /* Debug */,
				5E41198420A5CD7200C0F3CE /* Release */,
			);
			defaultConfigurationIsVisible = 0;
			defaultConfigurationName = Release;
		};
/* End XCConfigurationList section */
	};
	rootObject = 5E41196820A5CD7000C0F3CE /* Project object */;
}
